
Microsoft Visual Studio Solution File, Format Version 12.00
# Visual Studio Version 16
VisualStudioVersion = 16.0.30804.86
MinimumVisualStudioVersion = 10.0.40219.1
Project("{8BC9CEB8-8B4A-11D0-8D11-00A0C91BC942}") = "Image_Stitching", "Image_Stitching\Image_Stitching.vcxproj", "{20158D6F-6C39-4D9A-9FFB-6FEA71E567DC}"
EndProject
Global
	GlobalSection(SolutionConfigurationPlatforms) = preSolution
		Debug|Win32 = Debug|Win32
		Debug|x64 = Debug|x64
		Release|Win32 = Release|Win32
		Release|x64 = Release|x64
	EndGlobalSection
	GlobalSection(ProjectConfigurationPlatforms) = postSolution
		{20158D6F-6C39-4D9A-9FFB-6FEA71E567DC}.Debug|Win32.ActiveCfg = Debug|Win32
		{20158D6F-6C39-4D9A-9FFB-6FEA71E567DC}.Debug|Win32.Build.0 = Debug|Win32
		{20158D6F-6C39-4D9A-9FFB-6FEA71E567DC}.Debug|x64.ActiveCfg = Debug|x64
		{20158D6F-6C39-4D9A-9FFB-6FEA71E567DC}.Debug|x64.Build.0 = Debug|x64
		{20158D6F-6C39-4D9A-9FFB-6FEA71E567DC}.Release|Win32.ActiveCfg = Release|Win32
		{20158D6F-6C39-4D9A-9FFB-6FEA71E567DC}.Release|Win32.Build.0 = Release|Win32
		{20158D6F-6C39-4D9A-9FFB-6FEA71E567DC}.Release|x64.ActiveCfg = Release|x64
		{20158D6F-6C39-4D9A-9FFB-6FEA71E567DC}.Release|x64.Build.0 = Release|x64
	EndGlobalSection
	GlobalSection(SolutionProperties) = preSolution
		HideSolutionNode = FALSE
	EndGlobalSection
	GlobalSection(ExtensibilityGlobals) = postSolution
		SolutionGuid = {C960E97D-2F3D-4CDF-B998-766E00063115}
	EndGlobalSection
EndGlobal
